<?xml version="1.0" encoding="utf-8"?>
<Project ToolsVersion="4.0" xmlns="http://schemas.microsoft.com/developer/msbuild/2003">
  <ItemGroup>
    <Filter Include="Исходные файлы">
      <UniqueIdentifier>{4FC737F1-C7A5-4376-A066-2A32D752A2FF}</UniqueIdentifier>
      <Extensions>cpp;c;cc;cxx;c++;def;odl;idl;hpj;bat;asm;asmx</Extensions>
    </Filter>
    <Filter Include="Файлы заголовков">
      <UniqueIdentifier>{93995380-89BD-4b04-88EB-625FBE52EBFB}</UniqueIdentifier>
      <Extensions>h;hh;hpp;hxx;h++;hm;inl;inc;ipp;xsd</Extensions>
    </Filter>
    <Filter Include="Файлы ресурсов">
      <UniqueIdentifier>{67DA6AB6-F800-4c08-8B7A-83BB121AAD01}</UniqueIdentifier>
      <Extensions>rc;ico;cur;bmp;dlg;rc2;rct;bin;rgs;gif;jpg;jpeg;jpe;resx;tiff;tif;png;wav;mfcribbon-ms</Extensions>
    </Filter>
  </ItemGroup>
  <ItemGroup>
    <ClInclude Include="PPVIS2.h">
      <Filter>Файлы заголовков</Filter>
    </ClInclude>
    <ClInclude Include="PPVIS2Dlg.h">
      <Filter>Файлы заголовков</Filter>
    </ClInclude>
    <ClInclude Include="framework.h">
      <Filter>Файлы заголовков</Filter>
    </ClInclude>
    <ClInclude Include="targetver.h">
      <Filter>Файлы заголовков</Filter>
    </ClInclude>
    <ClInclude Include="Resource.h">
      <Filter>Файлы заголовков</Filter>
    </ClInclude>
    <ClInclude Include="pch.h">
      <Filter>Файлы заголовков</Filter>
    </ClInclude>
    <ClInclude Include="Injector.h">
      <Filter>Файлы заголовков</Filter>
    </ClInclude>
    <ClInclude Include="CustomerController.h">
      <Filter>Файлы заголовков</Filter>
    </ClInclude>
    <ClInclude Include="CustomerInteractionController.h">
      <Filter>Файлы заголовков</Filter>
    </ClInclude>
    <ClInclude Include="RegistrationController.h">
      <Filter>Файлы заголовков</Filter>
    </ClInclude>
    <ClInclude Include="LoginController.h">
      <Filter>Файлы заголовков</Filter>
    </ClInclude>
    <ClInclude Include="EntryDialog.h">
      <Filter>Файлы заголовков</Filter>
    </ClInclude>
    <ClInclude Include="MainDialog.h">
      <Filter>Файлы заголовков</Filter>
    </ClInclude>
    <ClInclude Include="AddCollDialog.h">
      <Filter>Файлы заголовков</Filter>
    </ClInclude>
    <ClInclude Include="ListOfCollectionsDialog.h">
      <Filter>Файлы заголовков</Filter>
    </ClInclude>
    <ClInclude Include="ChangeCollectionDialog.h">
      <Filter>Файлы заголовков</Filter>
    </ClInclude>
    <ClInclude Include="ListOfBooksDialog.h">
      <Filter>Файлы заголовков</Filter>
    </ClInclude>
    <ClInclude Include="BookReadingDialog.h">
      <Filter>Файлы заголовков</Filter>
    </ClInclude>
    <ClInclude Include="CreateNoteDialog.h">
      <Filter>Файлы заголовков</Filter>
    </ClInclude>
    <ClInclude Include="ShareBookDialog.h">
      <Filter>Файлы заголовков</Filter>
    </ClInclude>
    <ClInclude Include="AskBookDialog.h">
      <Filter>Файлы заголовков</Filter>
    </ClInclude>
    <ClInclude Include="FriendDialog.h">
      <Filter>Файлы заголовков</Filter>
    </ClInclude>
    <ClInclude Include="AddFriendsDialog.h">
      <Filter>Файлы заголовков</Filter>
    </ClInclude>
    <ClInclude Include="ChangeFriendInfoDialog.h">
      <Filter>Файлы заголовков</Filter>
    </ClInclude>
    <ClInclude Include="UserSettingsDialog.h">
      <Filter>Файлы заголовков</Filter>
    </ClInclude>
    <ClInclude Include="BuyBookOutDialog.h">
      <Filter>Файлы заголовков</Filter>
    </ClInclude>
    <ClInclude Include="Customer.h">
      <Filter>Файлы заголовков</Filter>
    </ClInclude>
    <ClInclude Include="LibraryController.h">
      <Filter>Файлы заголовков</Filter>
    </ClInclude>
    <ClInclude Include="LibraryService.h">
      <Filter>Файлы заголовков</Filter>
    </ClInclude>
    <ClInclude Include="LCollectionController.h">
      <Filter>Файлы заголовков</Filter>
    </ClInclude>
    <ClInclude Include="LCollectionService.h">
      <Filter>Файлы заголовков</Filter>
    </ClInclude>
    <ClInclude Include="BookController.h">
      <Filter>Файлы заголовков</Filter>
    </ClInclude>
    <ClInclude Include="BookService.h">
      <Filter>Файлы заголовков</Filter>
    </ClInclude>
    <ClInclude Include="Book.h">
      <Filter>Файлы заголовков</Filter>
    </ClInclude>
    <ClInclude Include="BuyBookController.h">
      <Filter>Файлы заголовков</Filter>
    </ClInclude>
    <ClInclude Include="BuyBookIn.h">
      <Filter>Файлы заголовков</Filter>
    </ClInclude>
    <ClInclude Include="BuyBookInLitres.h">
      <Filter>Файлы заголовков</Filter>
    </ClInclude>
    <ClInclude Include="LCollection.h">
      <Filter>Файлы заголовков</Filter>
    </ClInclude>
    <ClInclude Include="LCollectionDAOImpl.h">
      <Filter>Файлы заголовков</Filter>
    </ClInclude>
    <ClInclude Include="LCollectionDAO.h">
      <Filter>Файлы заголовков</Filter>
    </ClInclude>
    <ClInclude Include="LCollectionServiceImpl.h">
      <Filter>Файлы заголовков</Filter>
    </ClInclude>
    <ClInclude Include="CustomerDAOImpl.h">
      <Filter>Файлы заголовков</Filter>
    </ClInclude>
    <ClInclude Include="CustomerDAO.h">
      <Filter>Файлы заголовков</Filter>
    </ClInclude>
    <ClInclude Include="CustomerServiceImpl.h">
      <Filter>Файлы заголовков</Filter>
    </ClInclude>
    <ClInclude Include="CustomerService.h">
      <Filter>Файлы заголовков</Filter>
    </ClInclude>
    <ClInclude Include="CustomerFriendsServiceImpl.h">
      <Filter>Файлы заголовков</Filter>
    </ClInclude>
    <ClInclude Include="CustomerFriendsService.h">
      <Filter>Файлы заголовков</Filter>
    </ClInclude>
    <ClInclude Include="CustomerInteractionDAO.h">
      <Filter>Файлы заголовков</Filter>
    </ClInclude>
    <ClInclude Include="CustomerInteractionDAOImpl.h">
      <Filter>Файлы заголовков</Filter>
    </ClInclude>
    <ClInclude Include="Library.h">
      <Filter>Файлы заголовков</Filter>
    </ClInclude>
    <ClInclude Include="BookDAOImpl.h">
      <Filter>Файлы заголовков</Filter>
    </ClInclude>
    <ClInclude Include="BookServiceImpl.h">
      <Filter>Файлы заголовков</Filter>
    </ClInclude>
    <ClInclude Include="BookDAO.h">
      <Filter>Файлы заголовков</Filter>
    </ClInclude>
    <ClInclude Include="LibraryDAOImpl.h">
      <Filter>Файлы заголовков</Filter>
    </ClInclude>
    <ClInclude Include="LibraryDAO.h">
      <Filter>Файлы заголовков</Filter>
    </ClInclude>
  </ItemGroup>
  <ItemGroup>
    <ClCompile Include="PPVIS2.cpp">
      <Filter>Исходные файлы</Filter>
    </ClCompile>
    <ClCompile Include="PPVIS2Dlg.cpp">
      <Filter>Исходные файлы</Filter>
    </ClCompile>
    <ClCompile Include="pch.cpp">
      <Filter>Исходные файлы</Filter>
    </ClCompile>
    <ClCompile Include="Injector.cpp">
      <Filter>Исходные файлы</Filter>
    </ClCompile>
    <ClCompile Include="CustomerController.cpp">
      <Filter>Исходные файлы</Filter>
    </ClCompile>
    <ClCompile Include="CustomerInteractionController.cpp">
      <Filter>Исходные файлы</Filter>
    </ClCompile>
    <ClCompile Include="RegistrationController.cpp">
      <Filter>Исходные файлы</Filter>
    </ClCompile>
    <ClCompile Include="LoginController.cpp">
      <Filter>Исходные файлы</Filter>
    </ClCompile>
    <ClCompile Include="EntryDialog.cpp">
      <Filter>Исходные файлы</Filter>
    </ClCompile>
    <ClCompile Include="MainDialog.cpp">
      <Filter>Исходные файлы</Filter>
    </ClCompile>
    <ClCompile Include="AddCollDialog.cpp">
      <Filter>Исходные файлы</Filter>
    </ClCompile>
    <ClCompile Include="ListOfCollectionsDialog.cpp">
      <Filter>Исходные файлы</Filter>
    </ClCompile>
    <ClCompile Include="ChangeCollectionDialog.cpp">
      <Filter>Исходные файлы</Filter>
    </ClCompile>
    <ClCompile Include="ListOfBooksDialog.cpp">
      <Filter>Исходные файлы</Filter>
    </ClCompile>
    <ClCompile Include="BookReadingDialog.cpp">
      <Filter>Исходные файлы</Filter>
    </ClCompile>
    <ClCompile Include="CreateNoteDialog.cpp">
      <Filter>Исходные файлы</Filter>
    </ClCompile>
    <ClCompile Include="ShareBookDialog.cpp">
      <Filter>Исходные файлы</Filter>
    </ClCompile>
    <ClCompile Include="AskBookDialog.cpp">
      <Filter>Исходные файлы</Filter>
    </ClCompile>
    <ClCompile Include="FriendDialog.cpp">
      <Filter>Исходные файлы</Filter>
    </ClCompile>
    <ClCompile Include="AddFriendsDialog.cpp">
      <Filter>Исходные файлы</Filter>
    </ClCompile>
    <ClCompile Include="ChangeFriendInfoDialog.cpp">
      <Filter>Исходные файлы</Filter>
    </ClCompile>
    <ClCompile Include="UserSettingsDialog.cpp">
      <Filter>Исходные файлы</Filter>
    </ClCompile>
    <ClCompile Include="BuyBookOutDialog.cpp">
      <Filter>Исходные файлы</Filter>
    </ClCompile>
    <ClCompile Include="Customer.cpp">
      <Filter>Исходные файлы</Filter>
    </ClCompile>
    <ClCompile Include="LibraryController.cpp">
      <Filter>Исходные файлы</Filter>
    </ClCompile>
    <ClCompile Include="LibraryService.cpp">
      <Filter>Исходные файлы</Filter>
    </ClCompile>
    <ClCompile Include="LCollectionController.cpp">
      <Filter>Исходные файлы</Filter>
    </ClCompile>
    <ClCompile Include="LCollectionService.cpp">
      <Filter>Исходные файлы</Filter>
    </ClCompile>
    <ClCompile Include="BookController.cpp">
      <Filter>Исходные файлы</Filter>
    </ClCompile>
    <ClCompile Include="BookService.cpp">
      <Filter>Исходные файлы</Filter>
    </ClCompile>
    <ClCompile Include="Book.cpp">
      <Filter>Исходные файлы</Filter>
    </ClCompile>
    <ClCompile Include="BuyBookController.cpp">
      <Filter>Исходные файлы</Filter>
    </ClCompile>
    <ClCompile Include="BuyBookIn.cpp">
      <Filter>Исходные файлы</Filter>
    </ClCompile>
    <ClCompile Include="BuyBookInLitres.cpp">
      <Filter>Исходные файлы</Filter>
    </ClCompile>
    <ClCompile Include="LCollection.cpp">
      <Filter>Исходные файлы</Filter>
    </ClCompile>
    <ClCompile Include="LCollectionDAOImpl.cpp">
      <Filter>Исходные файлы</Filter>
    </ClCompile>
    <ClCompile Include="LCollectionDAO.cpp">
      <Filter>Исходные файлы</Filter>
    </ClCompile>
    <ClCompile Include="LCollectionServiceImpl.cpp">
      <Filter>Исходные файлы</Filter>
    </ClCompile>
    <ClCompile Include="CustomerDAOImpl.cpp">
      <Filter>Исходные файлы</Filter>
    </ClCompile>
    <ClCompile Include="CustomerDAO.cpp">
      <Filter>Исходные файлы</Filter>
    </ClCompile>
    <ClCompile Include="CustomerServiceImpl.cpp">
      <Filter>Исходные файлы</Filter>
    </ClCompile>
    <ClCompile Include="CustomerService.cpp">
      <Filter>Исходные файлы</Filter>
    </ClCompile>
    <ClCompile Include="CustomerFriendsServiceImpl.cpp">
      <Filter>Исходные файлы</Filter>
    </ClCompile>
    <ClCompile Include="CustomerFriendsService.cpp">
      <Filter>Исходные файлы</Filter>
    </ClCompile>
    <ClCompile Include="CustomerInteractionDAO.cpp">
      <Filter>Исходные файлы</Filter>
    </ClCompile>
    <ClCompile Include="CustomerInteractionDAOImpl.cpp">
      <Filter>Исходные файлы</Filter>
    </ClCompile>
    <ClCompile Include="Library.cpp">
      <Filter>Исходные файлы</Filter>
    </ClCompile>
    <ClCompile Include="BookDAOImpl.cpp">
      <Filter>Исходные файлы</Filter>
    </ClCompile>
    <ClCompile Include="BookServiceImpl.cpp">
      <Filter>Исходные файлы</Filter>
    </ClCompile>
    <ClCompile Include="BookDAO.cpp">
      <Filter>Исходные файлы</Filter>
    </ClCompile>
    <ClCompile Include="LibraryDAOImpl.cpp">
      <Filter>Исходные файлы</Filter>
    </ClCompile>
    <ClCompile Include="LibraryDAO.cpp">
      <Filter>Исходные файлы</Filter>
    </ClCompile>
  </ItemGroup>
  <ItemGroup>
    <ResourceCompile Include="PPVIS2.rc">
      <Filter>Файлы ресурсов</Filter>
    </ResourceCompile>
  </ItemGroup>
  <ItemGroup>
    <None Include="res\PPVIS2.rc2">
      <Filter>Файлы ресурсов</Filter>
    </None>
  </ItemGroup>
  <ItemGroup>
    <Image Include="res\PPVIS2.ico">
      <Filter>Файлы ресурсов</Filter>
    </Image>
  </ItemGroup>
</Project>